
Microsoft Visual Studio Solution File, Format Version 12.00
# Visual Studio Version 17
VisualStudioVersion = 17.4.33103.184
MinimumVisualStudioVersion = 10.0.40219.1
Project("{9A19103F-16F7-4668-BE54-9A1E7A4F7556}") = "SeriPlot.Gui", "SeriPlot.Gui\SeriPlot.Gui.csproj", "{364A3A9C-88B4-4DD0-8E90-F73E2F1537B3}"
EndProject
Project("{9A19103F-16F7-4668-BE54-9A1E7A4F7556}") = "SeriPlot.Core", "SeriPlot.Core\SeriPlot.Core.csproj", "{8E7E61F3-70EF-4647-B3CF-8714EE8330E1}"
EndProject
Global
	GlobalSection(SolutionConfigurationPlatforms) = preSolution
		Debug|Any CPU = Debug|Any CPU
		Release|Any CPU = Release|Any CPU
	EndGlobalSection
	GlobalSection(ProjectConfigurationPlatforms) = postSolution
		{364A3A9C-88B4-4DD0-8E90-F73E2F1537B3}.Debug|Any CPU.ActiveCfg = Debug|Any CPU
		{364A3A9C-88B4-4DD0-8E90-F73E2F1537B3}.Debug|Any CPU.Build.0 = Debug|Any CPU
		{364A3A9C-88B4-4DD0-8E90-F73E2F1537B3}.Release|Any CPU.ActiveCfg = Release|Any CPU
		{364A3A9C-88B4-4DD0-8E90-F73E2F1537B3}.Release|Any CPU.Build.0 = Release|Any CPU
		{8E7E61F3-70EF-4647-B3CF-8714EE8330E1}.Debug|Any CPU.ActiveCfg = Debug|Any CPU
		{8E7E61F3-70EF-4647-B3CF-8714EE8330E1}.Debug|Any CPU.Build.0 = Debug|Any CPU
		{8E7E61F3-70EF-4647-B3CF-8714EE8330E1}.Release|Any CPU.ActiveCfg = Release|Any CPU
		{8E7E61F3-70EF-4647-B3CF-8714EE8330E1}.Release|Any CPU.Build.0 = Release|Any CPU
	EndGlobalSection
	GlobalSection(SolutionProperties) = preSolution
		HideSolutionNode = FALSE
	EndGlobalSection
	GlobalSection(ExtensibilityGlobals) = postSolution
		SolutionGuid = {AC353E11-817D-45EE-B082-6356BEEE3AB6}
	EndGlobalSection
EndGlobal
